// !$*UTF8*$!
{
	archiveVersion = 1;
	classes = {
	};
	objectVersion = 50;
	objects = {

/* Begin PBXBuildFile section */
		35D92C36237A2B7100BD5762 /* AppDelegate.swift in Sources */ = {isa = PBXBuildFile; fileRef = 35D92C35237A2B7100BD5762 /* AppDelegate.swift */; };
		35D92C38237A2B7100BD5762 /* ViewController.swift in Sources */ = {isa = PBXBuildFile; fileRef = 35D92C37237A2B7100BD5762 /* ViewController.swift */; };
		35D92C3B237A2B7100BD5762 /* Main.storyboard in Resources */ = {isa = PBXBuildFile; fileRef = 35D92C39237A2B7100BD5762 /* Main.storyboard */; };
		35D92C3D237A2B7200BD5762 /* Assets.xcassets in Resources */ = {isa = PBXBuildFile; fileRef = 35D92C3C237A2B7200BD5762 /* Assets.xcassets */; };
		35D92C40237A2B7200BD5762 /* LaunchScreen.storyboard in Resources */ = {isa = PBXBuildFile; fileRef = 35D92C3E237A2B7200BD5762 /* LaunchScreen.storyboard */; };
		35D92C4B237A2B7300BD5762 /* MyMantraTests.swift in Sources */ = {isa = PBXBuildFile; fileRef = 35D92C4A237A2B7300BD5762 /* MyMantraTests.swift */; };
		35D92C56237A2B7300BD5762 /* MyMantraUITests.swift in Sources */ = {isa = PBXBuildFile; fileRef = 35D92C55237A2B7300BD5762 /* MyMantraUITests.swift */; };
		7F223B8A0F1226AB0268DD47 /* Pods_MyMantraTests.framework in Frameworks */ = {isa = PBXBuildFile; fileRef = E9751CD82A69F2E97A27032C /* Pods_MyMantraTests.framework */; };
		83BC93C7154D68024CF8407D /* Pods_MyMantra.framework in Frameworks */ = {isa = PBXBuildFile; fileRef = 8DD36C250B870470BF7DF613 /* Pods_MyMantra.framework */; };
		E452112DD43FCADA14459D4A /* Pods_MyMantra_MyMantraUITests.framework in Frameworks */ = {isa = PBXBuildFile; fileRef = B9E539BFCB6FA7D9E1F6F2DF /* Pods_MyMantra_MyMantraUITests.framework */; };
/* End PBXBuildFile section */

/* Begin PBXContainerItemProxy section */
		35D92C47237A2B7300BD5762 /* PBXContainerItemProxy */ = {
			isa = PBXContainerItemProxy;
			containerPortal = 35D92C2A237A2B7000BD5762 /* Project object */;
			proxyType = 1;
			remoteGlobalIDString = 35D92C31237A2B7100BD5762;
			remoteInfo = MyMantra;
		};
		35D92C52237A2B7300BD5762 /* PBXContainerItemProxy */ = {
			isa = PBXContainerItemProxy;
			containerPortal = 35D92C2A237A2B7000BD5762 /* Project object */;
			proxyType = 1;
			remoteGlobalIDString = 35D92C31237A2B7100BD5762;
			remoteInfo = MyMantra;
		};
/* End PBXContainerItemProxy section */

/* Begin PBXFileReference section */
		35D92C32237A2B7100BD5762 /* MyMantra.app */ = {isa = PBXFileReference; explicitFileType = wrapper.application; includeInIndex = 0; path = MyMantra.app; sourceTree = BUILT_PRODUCTS_DIR; };
		35D92C35237A2B7100BD5762 /* AppDelegate.swift */ = {isa = PBXFileReference; lastKnownFileType = sourcecode.swift; path = AppDelegate.swift; sourceTree = "<group>"; };
		35D92C37237A2B7100BD5762 /* ViewController.swift */ = {isa = PBXFileReference; lastKnownFileType = sourcecode.swift; path = ViewController.swift; sourceTree = "<group>"; };
		35D92C3A237A2B7100BD5762 /* Base */ = {isa = PBXFileReference; lastKnownFileType = file.storyboard; name = Base; path = Base.lproj/Main.storyboard; sourceTree = "<group>"; };
		35D92C3C237A2B7200BD5762 /* Assets.xcassets */ = {isa = PBXFileReference; lastKnownFileType = folder.assetcatalog; path = Assets.xcassets; sourceTree = "<group>"; };
		35D92C3F237A2B7200BD5762 /* Base */ = {isa = PBXFileReference; lastKnownFileType = file.storyboard; name = Base; path = Base.lproj/LaunchScreen.storyboard; sourceTree = "<group>"; };
		35D92C41237A2B7200BD5762 /* Info.plist */ = {isa = PBXFileReference; lastKnownFileType = text.plist.xml; path = Info.plist; sourceTree = "<group>"; };
		35D92C46237A2B7300BD5762 /* MyMantraTests.xctest */ = {isa = PBXFileReference; explicitFileType = wrapper.cfbundle; includeInIndex = 0; path = MyMantraTests.xctest; sourceTree = BUILT_PRODUCTS_DIR; };
		35D92C4A237A2B7300BD5762 /* MyMantraTests.swift */ = {isa = PBXFileReference; lastKnownFileType = sourcecode.swift; path = MyMantraTests.swift; sourceTree = "<group>"; };
		35D92C4C237A2B7300BD5762 /* Info.plist */ = {isa = PBXFileReference; lastKnownFileType = text.plist.xml; path = Info.plist; sourceTree = "<group>"; };
		35D92C51237A2B7300BD5762 /* MyMantraUITests.xctest */ = {isa = PBXFileReference; explicitFileType = wrapper.cfbundle; includeInIndex = 0; path = MyMantraUITests.xctest; sourceTree = BUILT_PRODUCTS_DIR; };
		35D92C55237A2B7300BD5762 /* MyMantraUITests.swift */ = {isa = PBXFileReference; lastKnownFileType = sourcecode.swift; path = MyMantraUITests.swift; sourceTree = "<group>"; };
		35D92C57237A2B7300BD5762 /* Info.plist */ = {isa = PBXFileReference; lastKnownFileType = text.plist.xml; path = Info.plist; sourceTree = "<group>"; };
		388EA33CCBCAC4E08F7BA5A8 /* Pods-MyMantraTests.release.xcconfig */ = {isa = PBXFileReference; includeInIndex = 1; lastKnownFileType = text.xcconfig; name = "Pods-MyMantraTests.release.xcconfig"; path = "Target Support Files/Pods-MyMantraTests/Pods-MyMantraTests.release.xcconfig"; sourceTree = "<group>"; };
		3FDD890C9C6C3143B88421C6 /* Pods-MyMantra-MyMantraUITests.debug.xcconfig */ = {isa = PBXFileReference; includeInIndex = 1; lastKnownFileType = text.xcconfig; name = "Pods-MyMantra-MyMantraUITests.debug.xcconfig"; path = "Target Support Files/Pods-MyMantra-MyMantraUITests/Pods-MyMantra-MyMantraUITests.debug.xcconfig"; sourceTree = "<group>"; };
		61259D0313AFAF8BEE6E04F2 /* Pods-MyMantra.debug.xcconfig */ = {isa = PBXFileReference; includeInIndex = 1; lastKnownFileType = text.xcconfig; name = "Pods-MyMantra.debug.xcconfig"; path = "Target Support Files/Pods-MyMantra/Pods-MyMantra.debug.xcconfig"; sourceTree = "<group>"; };
		7C0C278139B71B69D890C6DC /* Pods-MyMantra.release.xcconfig */ = {isa = PBXFileReference; includeInIndex = 1; lastKnownFileType = text.xcconfig; name = "Pods-MyMantra.release.xcconfig"; path = "Target Support Files/Pods-MyMantra/Pods-MyMantra.release.xcconfig"; sourceTree = "<group>"; };
		8DD36C250B870470BF7DF613 /* Pods_MyMantra.framework */ = {isa = PBXFileReference; explicitFileType = wrapper.framework; includeInIndex = 0; path = Pods_MyMantra.framework; sourceTree = BUILT_PRODUCTS_DIR; };
		A5271F26C8CE428C1910B9C5 /* Pods-MyMantra-MyMantraUITests.release.xcconfig */ = {isa = PBXFileReference; includeInIndex = 1; lastKnownFileType = text.xcconfig; name = "Pods-MyMantra-MyMantraUITests.release.xcconfig"; path = "Target Support Files/Pods-MyMantra-MyMantraUITests/Pods-MyMantra-MyMantraUITests.release.xcconfig"; sourceTree = "<group>"; };
		B289593CD6AB7E5A830BCCFA /* Pods-MyMantraTests.debug.xcconfig */ = {isa = PBXFileReference; includeInIndex = 1; lastKnownFileType = text.xcconfig; name = "Pods-MyMantraTests.debug.xcconfig"; path = "Target Support Files/Pods-MyMantraTests/Pods-MyMantraTests.debug.xcconfig"; sourceTree = "<group>"; };
		B9E539BFCB6FA7D9E1F6F2DF /* Pods_MyMantra_MyMantraUITests.framework */ = {isa = PBXFileReference; explicitFileType = wrapper.framework; includeInIndex = 0; path = Pods_MyMantra_MyMantraUITests.framework; sourceTree = BUILT_PRODUCTS_DIR; };
		E9751CD82A69F2E97A27032C /* Pods_MyMantraTests.framework */ = {isa = PBXFileReference; explicitFileType = wrapper.framework; includeInIndex = 0; path = Pods_MyMantraTests.framework; sourceTree = BUILT_PRODUCTS_DIR; };
/* End PBXFileReference section */

/* Begin PBXFrameworksBuildPhase section */
		35D92C2F237A2B7100BD5762 /* Frameworks */ = {
			isa = PBXFrameworksBuildPhase;
			buildActionMask = 2147483647;
			files = (
				83BC93C7154D68024CF8407D /* Pods_MyMantra.framework in Frameworks */,
			);
			runOnlyForDeploymentPostprocessing = 0;
		};
		35D92C43237A2B7300BD5762 /* Frameworks */ = {
			isa = PBXFrameworksBuildPhase;
			buildActionMask = 2147483647;
			files = (
				7F223B8A0F1226AB0268DD47 /* Pods_MyMantraTests.framework in Frameworks */,
			);
			runOnlyForDeploymentPostprocessing = 0;
		};
		35D92C4E237A2B7300BD5762 /* Frameworks */ = {
			isa = PBXFrameworksBuildPhase;
			buildActionMask = 2147483647;
			files = (
				E452112DD43FCADA14459D4A /* Pods_MyMantra_MyMantraUITests.framework in Frameworks */,
			);
			runOnlyForDeploymentPostprocessing = 0;
		};
/* End PBXFrameworksBuildPhase section */

/* Begin PBXGroup section */
		242BD1BDFE1A7FCD3D91715D /* Frameworks */ = {
			isa = PBXGroup;
			children = (
				8DD36C250B870470BF7DF613 /* Pods_MyMantra.framework */,
				B9E539BFCB6FA7D9E1F6F2DF /* Pods_MyMantra_MyMantraUITests.framework */,
				E9751CD82A69F2E97A27032C /* Pods_MyMantraTests.framework */,
			);
			name = Frameworks;
			sourceTree = "<group>";
		};
		35D92C29237A2B7000BD5762 = {
			isa = PBXGroup;
			children = (
				35D92C34237A2B7100BD5762 /* MyMantra */,
				35D92C49237A2B7300BD5762 /* MyMantraTests */,
				35D92C54237A2B7300BD5762 /* MyMantraUITests */,
				35D92C33237A2B7100BD5762 /* Products */,
				C6C0920DE49602EA70BA74A3 /* Pods */,
				242BD1BDFE1A7FCD3D91715D /* Frameworks */,
			);
			sourceTree = "<group>";
		};
		35D92C33237A2B7100BD5762 /* Products */ = {
			isa = PBXGroup;
			children = (
				35D92C32237A2B7100BD5762 /* MyMantra.app */,
				35D92C46237A2B7300BD5762 /* MyMantraTests.xctest */,
				35D92C51237A2B7300BD5762 /* MyMantraUITests.xctest */,
			);
			name = Products;
			sourceTree = "<group>";
		};
		35D92C34237A2B7100BD5762 /* MyMantra */ = {
			isa = PBXGroup;
			children = (
				35D92C35237A2B7100BD5762 /* AppDelegate.swift */,
				35D92C37237A2B7100BD5762 /* ViewController.swift */,
				35D92C39237A2B7100BD5762 /* Main.storyboard */,
				35D92C3C237A2B7200BD5762 /* Assets.xcassets */,
				35D92C3E237A2B7200BD5762 /* LaunchScreen.storyboard */,
				35D92C41237A2B7200BD5762 /* Info.plist */,
			);
			path = MyMantra;
			sourceTree = "<group>";
		};
		35D92C49237A2B7300BD5762 /* MyMantraTests */ = {
			isa = PBXGroup;
			children = (
				35D92C4A237A2B7300BD5762 /* MyMantraTests.swift */,
				35D92C4C237A2B7300BD5762 /* Info.plist */,
			);
			path = MyMantraTests;
			sourceTree = "<group>";
		};
		35D92C54237A2B7300BD5762 /* MyMantraUITests */ = {
			isa = PBXGroup;
			children = (
				35D92C55237A2B7300BD5762 /* MyMantraUITests.swift */,
				35D92C57237A2B7300BD5762 /* Info.plist */,
			);
			path = MyMantraUITests;
			sourceTree = "<group>";
		};
		C6C0920DE49602EA70BA74A3 /* Pods */ = {
			isa = PBXGroup;
			children = (
				61259D0313AFAF8BEE6E04F2 /* Pods-MyMantra.debug.xcconfig */,
				7C0C278139B71B69D890C6DC /* Pods-MyMantra.release.xcconfig */,
				3FDD890C9C6C3143B88421C6 /* Pods-MyMantra-MyMantraUITests.debug.xcconfig */,
				A5271F26C8CE428C1910B9C5 /* Pods-MyMantra-MyMantraUITests.release.xcconfig */,
				B289593CD6AB7E5A830BCCFA /* Pods-MyMantraTests.debug.xcconfig */,
				388EA33CCBCAC4E08F7BA5A8 /* Pods-MyMantraTests.release.xcconfig */,
			);
			path = Pods;
			sourceTree = "<group>";
		};
/* End PBXGroup section */

/* Begin PBXNativeTarget section */
		35D92C31237A2B7100BD5762 /* MyMantra */ = {
			isa = PBXNativeTarget;
			buildConfigurationList = 35D92C5A237A2B7300BD5762 /* Build configuration list for PBXNativeTarget "MyMantra" */;
			buildPhases = (
				C26D294BE3B14E0509FB3903 /* [CP] Check Pods Manifest.lock */,
				35D92C2E237A2B7100BD5762 /* Sources */,
				35D92C2F237A2B7100BD5762 /* Frameworks */,
				35D92C30237A2B7100BD5762 /* Resources */,
			);
			buildRules = (
			);
			dependencies = (
			);
			name = MyMantra;
			productName = MyMantra;
			productReference = 35D92C32237A2B7100BD5762 /* MyMantra.app */;
			productType = "com.apple.product-type.application";
		};
		35D92C45237A2B7300BD5762 /* MyMantraTests */ = {
			isa = PBXNativeTarget;
			buildConfigurationList = 35D92C5D237A2B7300BD5762 /* Build configuration list for PBXNativeTarget "MyMantraTests" */;
			buildPhases = (
				313DB10A1E28437D7BCC0ABC /* [CP] Check Pods Manifest.lock */,
				35D92C42237A2B7300BD5762 /* Sources */,
				35D92C43237A2B7300BD5762 /* Frameworks */,
				35D92C44237A2B7300BD5762 /* Resources */,
			);
			buildRules = (
			);
			dependencies = (
				35D92C48237A2B7300BD5762 /* PBXTargetDependency */,
			);
			name = MyMantraTests;
			productName = MyMantraTests;
			productReference = 35D92C46237A2B7300BD5762 /* MyMantraTests.xctest */;
			productType = "com.apple.product-type.bundle.unit-test";
		};
		35D92C50237A2B7300BD5762 /* MyMantraUITests */ = {
			isa = PBXNativeTarget;
			buildConfigurationList = 35D92C60237A2B7300BD5762 /* Build configuration list for PBXNativeTarget "MyMantraUITests" */;
			buildPhases = (
				25FEE531CB9AD15D1EFA8A7A /* [CP] Check Pods Manifest.lock */,
				35D92C4D237A2B7300BD5762 /* Sources */,
				35D92C4E237A2B7300BD5762 /* Frameworks */,
				35D92C4F237A2B7300BD5762 /* Resources */,
			);
			buildRules = (
			);
			dependencies = (
				35D92C53237A2B7300BD5762 /* PBXTargetDependency */,
			);
			name = MyMantraUITests;
			productName = MyMantraUITests;
			productReference = 35D92C51237A2B7300BD5762 /* MyMantraUITests.xctest */;
			productType = "com.apple.product-type.bundle.ui-testing";
		};
/* End PBXNativeTarget section */

/* Begin PBXProject section */
		35D92C2A237A2B7000BD5762 /* Project object */ = {
			isa = PBXProject;
			attributes = {
				LastSwiftUpdateCheck = 1030;
				LastUpgradeCheck = 1030;
				ORGANIZATIONNAME = "Asmita Mitra";
				TargetAttributes = {
					35D92C31237A2B7100BD5762 = {
						CreatedOnToolsVersion = 10.3;
					};
					35D92C45237A2B7300BD5762 = {
						CreatedOnToolsVersion = 10.3;
						TestTargetID = 35D92C31237A2B7100BD5762;
					};
					35D92C50237A2B7300BD5762 = {
						CreatedOnToolsVersion = 10.3;
						TestTargetID = 35D92C31237A2B7100BD5762;
					};
				};
			};
			buildConfigurationList = 35D92C2D237A2B7000BD5762 /* Build configuration list for PBXProject "MyMantra" */;
			compatibilityVersion = "Xcode 9.3";
			developmentRegion = en;
			hasScannedForEncodings = 0;
			knownRegions = (
				en,
				Base,
			);
			mainGroup = 35D92C29237A2B7000BD5762;
			productRefGroup = 35D92C33237A2B7100BD5762 /* Products */;
			projectDirPath = "";
			projectRoot = "";
			targets = (
				35D92C31237A2B7100BD5762 /* MyMantra */,
				35D92C45237A2B7300BD5762 /* MyMantraTests */,
				35D92C50237A2B7300BD5762 /* MyMantraUITests */,
			);
		};
/* End PBXProject section */

/* Begin PBXResourcesBuildPhase section */
		35D92C30237A2B7100BD5762 /* Resources */ = {
			isa = PBXResourcesBuildPhase;
			buildActionMask = 2147483647;
			files = (
				35D92C40237A2B7200BD5762 /* LaunchScreen.storyboard in Resources */,
				35D92C3D237A2B7200BD5762 /* Assets.xcassets in Resources */,
				35D92C3B237A2B7100BD5762 /* Main.storyboard in Resources */,
			);
			runOnlyForDeploymentPostprocessing = 0;
		};
		35D92C44237A2B7300BD5762 /* Resources */ = {
			isa = PBXResourcesBuildPhase;
			buildActionMask = 2147483647;
			files = (
			);
			runOnlyForDeploymentPostprocessing = 0;
		};
		35D92C4F237A2B7300BD5762 /* Resources */ = {
			isa = PBXResourcesBuildPhase;
			buildActionMask = 2147483647;
			files = (
			);
			runOnlyForDeploymentPostprocessing = 0;
		};
/* End PBXResourcesBuildPhase section */

/* Begin PBXShellScriptBuildPhase section */
		25FEE531CB9AD15D1EFA8A7A /* [CP] Check Pods Manifest.lock */ = {
			isa = PBXShellScriptBuildPhase;
			buildActionMask = 2147483647;
			files = (
			);
			inputFileListPaths = (
			);
			inputPaths = (
				"${PODS_PODFILE_DIR_PATH}/Podfile.lock",
				"${PODS_ROOT}/Manifest.lock",
			);
			name = "[CP] Check Pods Manifest.lock";
			outputFileListPaths = (
			);
			outputPaths = (
				"$(DERIVED_FILE_DIR)/Pods-MyMantra-MyMantraUITests-checkManifestLockResult.txt",
			);
			runOnlyForDeploymentPostprocessing = 0;
			shellPath = /bin/sh;
			shellScript = "diff \"${PODS_PODFILE_DIR_PATH}/Podfile.lock\" \"${PODS_ROOT}/Manifest.lock\" > /dev/null\nif [ $? != 0 ] ; then\n    # print error to STDERR\n    echo \"error: The sandbox is not in sync with the Podfile.lock. Run 'pod install' or update your CocoaPods installation.\" >&2\n    exit 1\nfi\n# This output is used by Xcode 'outputs' to avoid re-running this script phase.\necho \"SUCCESS\" > \"${SCRIPT_OUTPUT_FILE_0}\"\n";
			showEnvVarsInLog = 0;
		};
		313DB10A1E28437D7BCC0ABC /* [CP] Check Pods Manifest.lock */ = {
			isa = PBXShellScriptBuildPhase;
			buildActionMask = 2147483647;
			files = (
			);
			inputFileListPaths = (
			);
			inputPaths = (
				"${PODS_PODFILE_DIR_PATH}/Podfile.lock",
				"${PODS_ROOT}/Manifest.lock",
			);
			name = "[CP] Check Pods Manifest.lock";
			outputFileListPaths = (
			);
			outputPaths = (
				"$(DERIVED_FILE_DIR)/Pods-MyMantraTests-checkManifestLockResult.txt",
			);
			runOnlyForDeploymentPostprocessing = 0;
			shellPath = /bin/sh;
			shellScript = "diff \"${PODS_PODFILE_DIR_PATH}/Podfile.lock\" \"${PODS_ROOT}/Manifest.lock\" > /dev/null\nif [ $? != 0 ] ; then\n    # print error to STDERR\n    echo \"error: The sandbox is not in sync with the Podfile.lock. Run 'pod install' or update your CocoaPods installation.\" >&2\n    exit 1\nfi\n# This output is used by Xcode 'outputs' to avoid re-running this script phase.\necho \"SUCCESS\" > \"${SCRIPT_OUTPUT_FILE_0}\"\n";
			showEnvVarsInLog = 0;
		};
		C26D294BE3B14E0509FB3903 /* [CP] Check Pods Manifest.lock */ = {
			isa = PBXShellScriptBuildPhase;
			buildActionMask = 2147483647;
			files = (
			);
			inputFileListPaths = (
			);
			inputPaths = (
				"${PODS_PODFILE_DIR_PATH}/Podfile.lock",
				"${PODS_ROOT}/Manifest.lock",
			);
			name = "[CP] Check Pods Manifest.lock";
			outputFileListPaths = (
			);
			outputPaths = (
				"$(DERIVED_FILE_DIR)/Pods-MyMantra-checkManifestLockResult.txt",
			);
			runOnlyForDeploymentPostprocessing = 0;
			shellPath = /bin/sh;
			shellScript = "diff \"${PODS_PODFILE_DIR_PATH}/Podfile.lock\" \"${PODS_ROOT}/Manifest.lock\" > /dev/null\nif [ $? != 0 ] ; then\n    # print error to STDERR\n    echo \"error: The sandbox is not in sync with the Podfile.lock. Run 'pod install' or update your CocoaPods installation.\" >&2\n    exit 1\nfi\n# This output is used by Xcode 'outputs' to avoid re-running this script phase.\necho \"SUCCESS\" > \"${SCRIPT_OUTPUT_FILE_0}\"\n";
			showEnvVarsInLog = 0;
		};
/* End PBXShellScriptBuildPhase section */

/* Begin PBXSourcesBuildPhase section */
		35D92C2E237A2B7100BD5762 /* Sources */ = {
			isa = PBXSourcesBuildPhase;
			buildActionMask = 2147483647;
			files = (
				35D92C38237A2B7100BD5762 /* ViewController.swift in Sources */,
				35D92C36237A2B7100BD5762 /* AppDelegate.swift in Sources */,
			);
			runOnlyForDeploymentPostprocessing = 0;
		};
		35D92C42237A2B7300BD5762 /* Sources */ = {
			isa = PBXSourcesBuildPhase;
			buildActionMask = 2147483647;
			files = (
				35D92C4B237A2B7300BD5762 /* MyMantraTests.swift in Sources */,
			);
			runOnlyForDeploymentPostprocessing = 0;
		};
		35D92C4D237A2B7300BD5762 /* Sources */ = {
			isa = PBXSourcesBuildPhase;
			buildActionMask = 2147483647;
			files = (
				35D92C56237A2B7300BD5762 /* MyMantraUITests.swift in Sources */,
			);
			runOnlyForDeploymentPostprocessing = 0;
		};
/* End PBXSourcesBuildPhase section */

/* Begin PBXTargetDependency section */
		35D92C48237A2B7300BD5762 /* PBXTargetDependency */ = {
			isa = PBXTargetDependency;
			target = 35D92C31237A2B7100BD5762 /* MyMantra */;
			targetProxy = 35D92C47237A2B7300BD5762 /* PBXContainerItemProxy */;
		};
		35D92C53237A2B7300BD5762 /* PBXTargetDependency */ = {
			isa = PBXTargetDependency;
			target = 35D92C31237A2B7100BD5762 /* MyMantra */;
			targetProxy = 35D92C52237A2B7300BD5762 /* PBXContainerItemProxy */;
		};
/* End PBXTargetDependency section */

/* Begin PBXVariantGroup section */
		35D92C39237A2B7100BD5762 /* Main.storyboard */ = {
			isa = PBXVariantGroup;
			children = (
				35D92C3A237A2B7100BD5762 /* Base */,
			);
			name = Main.storyboard;
			sourceTree = "<group>";
		};
		35D92C3E237A2B7200BD5762 /* LaunchScreen.storyboard */ = {
			isa = PBXVariantGroup;
			children = (
				35D92C3F237A2B7200BD5762 /* Base */,
			);
			name = LaunchScreen.storyboard;
			sourceTree = "<group>";
		};
/* End PBXVariantGroup section */

/* Begin XCBuildConfiguration section */
		35D92C58237A2B7300BD5762 /* Debug */ = {
			isa = XCBuildConfiguration;
			buildSettings = {
				ALWAYS_SEARCH_USER_PATHS = NO;
				CLANG_ANALYZER_NONNULL = YES;
				CLANG_ANALYZER_NUMBER_OBJECT_CONVERSION = YES_AGGRESSIVE;
				CLANG_CXX_LANGUAGE_STANDARD = "gnu++14";
				CLANG_CXX_LIBRARY = "libc++";
				CLANG_ENABLE_MODULES = YES;
				CLANG_ENABLE_OBJC_ARC = YES;
				CLANG_ENABLE_OBJC_WEAK = YES;
				CLANG_WARN_BLOCK_CAPTURE_AUTORELEASING = YES;
				CLANG_WARN_BOOL_CONVERSION = YES;
				CLANG_WARN_COMMA = YES;
				CLANG_WARN_CONSTANT_CONVERSION = YES;
				CLANG_WARN_DEPRECATED_OBJC_IMPLEMENTATIONS = YES;
				CLANG_WARN_DIRECT_OBJC_ISA_USAGE = YES_ERROR;
				CLANG_WARN_DOCUMENTATION_COMMENTS = YES;
				CLANG_WARN_EMPTY_BODY = YES;
				CLANG_WARN_ENUM_CONVERSION = YES;
				CLANG_WARN_INFINITE_RECURSION = YES;
				CLANG_WARN_INT_CONVERSION = YES;
				CLANG_WARN_NON_LITERAL_NULL_CONVERSION = YES;
				CLANG_WARN_OBJC_IMPLICIT_RETAIN_SELF = YES;
				CLANG_WARN_OBJC_LITERAL_CONVERSION = YES;
				CLANG_WARN_OBJC_ROOT_CLASS = YES_ERROR;
				CLANG_WARN_RANGE_LOOP_ANALYSIS = YES;
				CLANG_WARN_STRICT_PROTOTYPES = YES;
				CLANG_WARN_SUSPICIOUS_MOVE = YES;
				CLANG_WARN_UNGUARDED_AVAILABILITY = YES_AGGRESSIVE;
				CLANG_WARN_UNREACHABLE_CODE = YES;
				CLANG_WARN__DUPLICATE_METHOD_MATCH = YES;
				CODE_SIGN_IDENTITY = "iPhone Developer";
				COPY_PHASE_STRIP = NO;
				DEBUG_INFORMATION_FORMAT = dwarf;
				ENABLE_STRICT_OBJC_MSGSEND = YES;
				ENABLE_TESTABILITY = YES;
				GCC_C_LANGUAGE_STANDARD = gnu11;
				GCC_DYNAMIC_NO_PIC = NO;
				GCC_NO_COMMON_BLOCKS = YES;
				GCC_OPTIMIZATION_LEVEL = 0;
				GCC_PREPROCESSOR_DEFINITIONS = (
					"DEBUG=1",
					"$(inherited)",
				);
				GCC_WARN_64_TO_32_BIT_CONVERSION = YES;
				GCC_WARN_ABOUT_RETURN_TYPE = YES_ERROR;
				GCC_WARN_UNDECLARED_SELECTOR = YES;
				GCC_WARN_UNINITIALIZED_AUTOS = YES_AGGRESSIVE;
				GCC_WARN_UNUSED_FUNCTION = YES;
				GCC_WARN_UNUSED_VARIABLE = YES;
				IPHONEOS_DEPLOYMENT_TARGET = 12.4;
				MTL_ENABLE_DEBUG_INFO = INCLUDE_SOURCE;
				MTL_FAST_MATH = YES;
				ONLY_ACTIVE_ARCH = YES;
				SDKROOT = iphoneos;
				SWIFT_ACTIVE_COMPILATION_CONDITIONS = DEBUG;
				SWIFT_OPTIMIZATION_LEVEL = "-Onone";
			};
			name = Debug;
		};
		35D92C59237A2B7300BD5762 /* Release */ = {
			isa = XCBuildConfiguration;
			buildSettings = {
				ALWAYS_SEARCH_USER_PATHS = NO;
				CLANG_ANALYZER_NONNULL = YES;
				CLANG_ANALYZER_NUMBER_OBJECT_CONVERSION = YES_AGGRESSIVE;
				CLANG_CXX_LANGUAGE_STANDARD = "gnu++14";
				CLANG_CXX_LIBRARY = "libc++";
				CLANG_ENABLE_MODULES = YES;
				CLANG_ENABLE_OBJC_ARC = YES;
				CLANG_ENABLE_OBJC_WEAK = YES;
				CLANG_WARN_BLOCK_CAPTURE_AUTORELEASING = YES;
				CLANG_WARN_BOOL_CONVERSION = YES;
				CLANG_WARN_COMMA = YES;
				CLANG_WARN_CONSTANT_CONVERSION = YES;
				CLANG_WARN_DEPRECATED_OBJC_IMPLEMENTATIONS = YES;
				CLANG_WARN_DIRECT_OBJC_ISA_USAGE = YES_ERROR;
				CLANG_WARN_DOCUMENTATION_COMMENTS = YES;
				CLANG_WARN_EMPTY_BODY = YES;
				CLANG_WARN_ENUM_CONVERSION = YES;
				CLANG_WARN_INFINITE_RECURSION = YES;
				CLANG_WARN_INT_CONVERSION = YES;
				CLANG_WARN_NON_LITERAL_NULL_CONVERSION = YES;
				CLANG_WARN_OBJC_IMPLICIT_RETAIN_SELF = YES;
				CLANG_WARN_OBJC_LITERAL_CONVERSION = YES;
				CLANG_WARN_OBJC_ROOT_CLASS = YES_ERROR;
				CLANG_WARN_RANGE_LOOP_ANALYSIS = YES;
				CLANG_WARN_STRICT_PROTOTYPES = YES;
				CLANG_WARN_SUSPICIOUS_MOVE = YES;
				CLANG_WARN_UNGUARDED_AVAILABILITY = YES_AGGRESSIVE;
				CLANG_WARN_UNREACHABLE_CODE = YES;
				CLANG_WARN__DUPLICATE_METHOD_MATCH = YES;
				CODE_SIGN_IDENTITY = "iPhone Developer";
				COPY_PHASE_STRIP = NO;
				DEBUG_INFORMATION_FORMAT = "dwarf-with-dsym";
				ENABLE_NS_ASSERTIONS = NO;
				ENABLE_STRICT_OBJC_MSGSEND = YES;
				GCC_C_LANGUAGE_STANDARD = gnu11;
				GCC_NO_COMMON_BLOCKS = YES;
				GCC_WARN_64_TO_32_BIT_CONVERSION = YES;
				GCC_WARN_ABOUT_RETURN_TYPE = YES_ERROR;
				GCC_WARN_UNDECLARED_SELECTOR = YES;
				GCC_WARN_UNINITIALIZED_AUTOS = YES_AGGRESSIVE;
				GCC_WARN_UNUSED_FUNCTION = YES;
				GCC_WARN_UNUSED_VARIABLE = YES;
				IPHONEOS_DEPLOYMENT_TARGET = 12.4;
				MTL_ENABLE_DEBUG_INFO = NO;
				MTL_FAST_MATH = YES;
				SDKROOT = iphoneos;
				SWIFT_COMPILATION_MODE = wholemodule;
				SWIFT_OPTIMIZATION_LEVEL = "-O";
				VALIDATE_PRODUCT = YES;
			};
			name = Release;
		};
		35D92C5B237A2B7300BD5762 /* Debug */ = {
			isa = XCBuildConfiguration;
			baseConfigurationReference = 61259D0313AFAF8BEE6E04F2 /* Pods-MyMantra.debug.xcconfig */;
			buildSettings = {
				ASSETCATALOG_COMPILER_APPICON_NAME = AppIcon;
				CODE_SIGN_IDENTITY = "iPhone Developer";
				CODE_SIGN_STYLE = Automatic;
				DEVELOPMENT_TEAM = R3VRH5G6PT;
				INFOPLIST_FILE = MyMantra/Info.plist;
				LD_RUNPATH_SEARCH_PATHS = (
					"$(inherited)",
					"@executable_path/Frameworks",
				);
				PRODUCT_BUNDLE_IDENTIFIER = com.today.MyMantra;
				PRODUCT_NAME = "$(TARGET_NAME)";
				PROVISIONING_PROFILE_SPECIFIER = "";
				SWIFT_VERSION = 5.0;
				TARGETED_DEVICE_FAMILY = "1,2";
			};
			name = Debug;
		};
		35D92C5C237A2B7300BD5762 /* Release */ = {
			isa = XCBuildConfiguration;
			baseConfigurationReference = 7C0C278139B71B69D890C6DC /* Pods-MyMantra.release.xcconfig */;
			buildSettings = {
				ASSETCATALOG_COMPILER_APPICON_NAME = AppIcon;
				CODE_SIGN_IDENTITY = "iPhone Developer";
				CODE_SIGN_STYLE = Automatic;
				DEVELOPMENT_TEAM = R3VRH5G6PT;
				INFOPLIST_FILE = MyMantra/Info.plist;
				LD_RUNPATH_SEARCH_PATHS = (
					"$(inherited)",
					"@executable_path/Frameworks",
				);
				PRODUCT_BUNDLE_IDENTIFIER = com.today.MyMantra;
				PRODUCT_NAME = "$(TARGET_NAME)";
				PROVISIONING_PROFILE_SPECIFIER = "";
				SWIFT_VERSION = 5.0;
				TARGETED_DEVICE_FAMILY = "1,2";
			};
			name = Release;
		};
		35D92C5E237A2B7300BD5762 /* Debug */ = {
			isa = XCBuildConfiguration;
			baseConfigurationReference = B289593CD6AB7E5A830BCCFA /* Pods-MyMantraTests.debug.xcconfig */;
			buildSettings = {
				ALWAYS_EMBED_SWIFT_STANDARD_LIBRARIES = YES;
				BUNDLE_LOADER = "$(TEST_HOST)";
				CODE_SIGN_STYLE = Automatic;
				DEVELOPMENT_TEAM = R3VRH5G6PT;
				INFOPLIST_FILE = MyMantraTests/Info.plist;
				LD_RUNPATH_SEARCH_PATHS = (
					"$(inherited)",
					"@executable_path/Frameworks",
					"@loader_path/Frameworks",
				);
				PRODUCT_BUNDLE_IDENTIFIER = com.today.MyMantraTests;
				PRODUCT_NAME = "$(TARGET_NAME)";
				SWIFT_VERSION = 5.0;
				TARGETED_DEVICE_FAMILY = "1,2";
				TEST_HOST = "$(BUILT_PRODUCTS_DIR)/MyMantra.app/MyMantra";
			};
			name = Debug;
		};
		35D92C5F237A2B7300BD5762 /* Release */ = {
			isa = XCBuildConfiguration;
			baseConfigurationReference = 388EA33CCBCAC4E08F7BA5A8 /* Pods-MyMantraTests.release.xcconfig */;
			buildSettings = {
				ALWAYS_EMBED_SWIFT_STANDARD_LIBRARIES = YES;
				BUNDLE_LOADER = "$(TEST_HOST)";
				CODE_SIGN_STYLE = Automatic;
				DEVELOPMENT_TEAM = R3VRH5G6PT;
				INFOPLIST_FILE = MyMantraTests/Info.plist;
				LD_RUNPATH_SEARCH_PATHS = (
					"$(inherited)",
					"@executable_path/Frameworks",
					"@loader_path/Frameworks",
				);
				PRODUCT_BUNDLE_IDENTIFIER = com.today.MyMantraTests;
				PRODUCT_NAME = "$(TARGET_NAME)";
				SWIFT_VERSION = 5.0;
				TARGETED_DEVICE_FAMILY = "1,2";
				TEST_HOST = "$(BUILT_PRODUCTS_DIR)/MyMantra.app/MyMantra";
			};
			name = Release;
		};
		35D92C61237A2B7300BD5762 /* Debug */ = {
			isa = XCBuildConfiguration;
			baseConfigurationReference = 3FDD890C9C6C3143B88421C6 /* Pods-MyMantra-MyMantraUITests.debug.xcconfig */;
			buildSettings = {
				ALWAYS_EMBED_SWIFT_STANDARD_LIBRARIES = YES;
				CODE_SIGN_STYLE = Automatic;
				DEVELOPMENT_TEAM = R3VRH5G6PT;
				INFOPLIST_FILE = MyMantraUITests/Info.plist;
				LD_RUNPATH_SEARCH_PATHS = (
					"$(inherited)",
					"@executable_path/Frameworks",
					"@loader_path/Frameworks",
				);
				PRODUCT_BUNDLE_IDENTIFIER = com.today.MyMantraUITests;
				PRODUCT_NAME = "$(TARGET_NAME)";
				SWIFT_VERSION = 5.0;
				TARGETED_DEVICE_FAMILY = "1,2";
				TEST_TARGET_NAME = MyMantra;
			};
			name = Debug;
		};
		35D92C62237A2B7300BD5762 /* Release */ = {
			isa = XCBuildConfiguration;
			baseConfigurationReference = A5271F26C8CE428C1910B9C5 /* Pods-MyMantra-MyMantraUITests.release.xcconfig */;
			buildSettings = {
				ALWAYS_EMBED_SWIFT_STANDARD_LIBRARIES = YES;
				CODE_SIGN_STYLE = Automatic;
				DEVELOPMENT_TEAM = R3VRH5G6PT;
				INFOPLIST_FILE = MyMantraUITests/Info.plist;
				LD_RUNPATH_SEARCH_PATHS = (
					"$(inherited)",
					"@executable_path/Frameworks",
					"@loader_path/Frameworks",
				);
				PRODUCT_BUNDLE_IDENTIFIER = com.today.MyMantraUITests;
				PRODUCT_NAME = "$(TARGET_NAME)";
				SWIFT_VERSION = 5.0;
				TARGETED_DEVICE_FAMILY = "1,2";
				TEST_TARGET_NAME = MyMantra;
			};
			name = Release;
		};
/* End XCBuildConfiguration section */

/* Begin XCConfigurationList section */
		35D92C2D237A2B7000BD5762 /* Build configuration list for PBXProject "MyMantra" */ = {
			isa = XCConfigurationList;
			buildConfigurations = (
				35D92C58237A2B7300BD5762 /* Debug */,
				35D92C59237A2B7300BD5762 /* Release */,
			);
			defaultConfigurationIsVisible = 0;
			defaultConfigurationName = Release;
		};
		35D92C5A237A2B7300BD5762 /* Build configuration list for PBXNativeTarget "MyMantra" */ = {
			isa = XCConfigurationList;
			buildConfigurations = (
				35D92C5B237A2B7300BD5762 /* Debug */,
				35D92C5C237A2B7300BD5762 /* Release */,
			);
			defaultConfigurationIsVisible = 0;
			defaultConfigurationName = Release;
		};
		35D92C5D237A2B7300BD5762 /* Build configuration list for PBXNativeTarget "MyMantraTests" */ = {
			isa = XCConfigurationList;
			buildConfigurations = (
				35D92C5E237A2B7300BD5762 /* Debug */,
				35D92C5F237A2B7300BD5762 /* Release */,
			);
			defaultConfigurationIsVisible = 0;
			defaultConfigurationName = Release;
		};
		35D92C60237A2B7300BD5762 /* Build configuration list for PBXNativeTarget "MyMantraUITests" */ = {
			isa = XCConfigurationList;
			buildConfigurations = (
				35D92C61237A2B7300BD5762 /* Debug */,
				35D92C62237A2B7300BD5762 /* Release */,
			);
			defaultConfigurationIsVisible = 0;
			defaultConfigurationName = Release;
		};
/* End XCConfigurationList section */
	};
	rootObject = 35D92C2A237A2B7000BD5762 /* Project object */;
}
